# THIS IS AN AUTOGENERATED FILE. DO NOT EDIT THIS FILE DIRECTLY.
# yarn lockfile v1


rxjs@^7.5.6:
  version "7.5.6"
  resolved "https://registry.yarnpkg.com/rxjs/-/rxjs-7.5.6.tgz#0446577557862afd6903517ce7cae79ecb9662bc"
  integrity sha512-dnyv2/YsXhnm461G+R/Pe5bWP41Nm6LBXEYWI6eiFP4fiwx6WRI/CD0zbdVAudd9xwLEF2IDcKXLHit0FYjUzw==
  dependencies:
    tslib "^2.1.0"

tslib@^2.1.0:
  version "2.4.0"
  resolved "https://registry.yarnpkg.com/tslib/-/tslib-2.4.0.tgz#7cecaa7f073ce680a05847aa77be941098f36dc3"
  integrity sha512-d6xOpEDfsi2CZVlPQzGeux8XMwLT9hssAsaPYExaQMuYskwb+x1x7J371tWlbBdWHroy99KnVB6qIkUbs5X3UQ==
